
Microsoft Visual Studio Solution File, Format Version 12.00
# Visual Studio 2012
# Clarion 2.1.0.2447
Project("{12B76EC0-1D7B-4FA7-A7D0-C524288B48A1}") = "Leg2Abc", "leg2abc.cwproj", "{57B192EA-C84C-4898-A667-867F6C8308DC}"
EndProject
Project("{12B76EC0-1D7B-4FA7-A7D0-C524288B48A1}") = "Cnveng", "Cnveng.cwproj", "{1992ADB5-DF21-4A27-AEBB-9B5FEF3C3034}"
EndProject
Project("{12B76EC0-1D7B-4FA7-A7D0-C524288B48A1}") = "Cnvrules", "Cnvrules.cwproj", "{10AE9D84-020E-4339-A22C-B7E0F63484F4}"
EndProject
Project("{2150E333-8FDC-42A3-9474-1A3956D46DE8}") = "Solution Items", "Solution Items", "{2150E333-8FDC-42A3-9474-1A3956D46DE8}"
	ProjectSection(SolutionItems) = postProject
	EndProjectSection
EndProject
Global
	GlobalSection(SolutionConfigurationPlatforms) = preSolution
		Debug|Win32 = Debug|Win32
		Release|Win32 = Release|Win32
	EndGlobalSection
	GlobalSection(ProjectConfigurationPlatforms) = postSolution
		{57B192EA-C84C-4898-A667-867F6C8308DC}.Debug|Win32.Build.0 = Debug|Win32
		{57B192EA-C84C-4898-A667-867F6C8308DC}.Debug|Win32.ActiveCfg = Debug|Win32
		{57B192EA-C84C-4898-A667-867F6C8308DC}.Release|Win32.Build.0 = Release|Win32
		{57B192EA-C84C-4898-A667-867F6C8308DC}.Release|Win32.ActiveCfg = Release|Win32
		{1992ADB5-DF21-4A27-AEBB-9B5FEF3C3034}.Debug|Win32.Build.0 = Debug|Win32
		{1992ADB5-DF21-4A27-AEBB-9B5FEF3C3034}.Debug|Win32.ActiveCfg = Debug|Win32
		{1992ADB5-DF21-4A27-AEBB-9B5FEF3C3034}.Release|Win32.Build.0 = Release|Win32
		{1992ADB5-DF21-4A27-AEBB-9B5FEF3C3034}.Release|Win32.ActiveCfg = Release|Win32
		{10AE9D84-020E-4339-A22C-B7E0F63484F4}.Debug|Win32.Build.0 = Debug|Win32
		{10AE9D84-020E-4339-A22C-B7E0F63484F4}.Debug|Win32.ActiveCfg = Debug|Win32
		{10AE9D84-020E-4339-A22C-B7E0F63484F4}.Release|Win32.Build.0 = Release|Win32
		{10AE9D84-020E-4339-A22C-B7E0F63484F4}.Release|Win32.ActiveCfg = Release|Win32
	EndGlobalSection
EndGlobal
